
Microsoft Visual Studio Solution File, Format Version 12.00
# Visual Studio 15
VisualStudioVersion = 15.0.28307.960
MinimumVisualStudioVersion = 10.0.40219.1
Project("{FAE04EC0-301F-11D3-BF4B-00C04F79EFBC}") = "WindowsFormsApp1", "WindowsFormsApp1\WindowsFormsApp1.csproj", "{3F0B3F3A-FB65-437D-97E8-233B6F0AF201}"
EndProject
Global
	GlobalSection(SolutionConfigurationPlatforms) = preSolution
		Debug|Any CPU = Debug|Any CPU
		Release|Any CPU = Release|Any CPU
	EndGlobalSection
	GlobalSection(ProjectConfigurationPlatforms) = postSolution
		{3F0B3F3A-FB65-437D-97E8-233B6F0AF201}.Debug|Any CPU.ActiveCfg = Debug|Any CPU
		{3F0B3F3A-FB65-437D-97E8-233B6F0AF201}.Debug|Any CPU.Build.0 = Debug|Any CPU
		{3F0B3F3A-FB65-437D-97E8-233B6F0AF201}.Release|Any CPU.ActiveCfg = Release|Any CPU
		{3F0B3F3A-FB65-437D-97E8-233B6F0AF201}.Release|Any CPU.Build.0 = Release|Any CPU
	EndGlobalSection
	GlobalSection(SolutionProperties) = preSolution
		HideSolutionNode = FALSE
	EndGlobalSection
	GlobalSection(ExtensibilityGlobals) = postSolution
		SolutionGuid = {E294F05D-728A-4435-A5A0-5F9FCF6EA2C8}
	EndGlobalSection
EndGlobal
